
Microsoft Visual Studio Solution File, Format Version 12.00
# Visual Studio Version 16
VisualStudioVersion = 16.0.31424.327
MinimumVisualStudioVersion = 10.0.40219.1
Project("{FAE04EC0-301F-11D3-BF4B-00C04F79EFBC}") = "StacksandQueues", "StacksandQueues\StacksandQueues.csproj", "{1C370311-B7E1-402D-AF90-22612A1C273B}"
EndProject
Global
	GlobalSection(SolutionConfigurationPlatforms) = preSolution
		Debug|Any CPU = Debug|Any CPU
		Release|Any CPU = Release|Any CPU
	EndGlobalSection
	GlobalSection(ProjectConfigurationPlatforms) = postSolution
		{1C370311-B7E1-402D-AF90-22612A1C273B}.Debug|Any CPU.ActiveCfg = Debug|Any CPU
		{1C370311-B7E1-402D-AF90-22612A1C273B}.Debug|Any CPU.Build.0 = Debug|Any CPU
		{1C370311-B7E1-402D-AF90-22612A1C273B}.Release|Any CPU.ActiveCfg = Release|Any CPU
		{1C370311-B7E1-402D-AF90-22612A1C273B}.Release|Any CPU.Build.0 = Release|Any CPU
	EndGlobalSection
	GlobalSection(SolutionProperties) = preSolution
		HideSolutionNode = FALSE
	EndGlobalSection
	GlobalSection(ExtensibilityGlobals) = postSolution
		SolutionGuid = {1D1A6F4A-B455-4EAD-B2F4-F2D5033E22A6}
	EndGlobalSection
EndGlobal
